Microsoft Visual Studio Solution File, Format Version 11.00
# Visual Studio 2008

Project("{5010EA9D-5490-85C1-C218-24461AC47891}") = "ShooterMOBA", "Assembly-CSharp-firstpass-vs.csproj", "{AE6E73FB-4469-CA1A-D099-E9CC5074FC31}"
EndProject
Project("{5010EA9D-5490-85C1-C218-24461AC47891}") = "ShooterMOBA", "Assembly-CSharp-vs.csproj", "{534082BC-DEE8-287D-33C4-96C8F4A0D8D0}"
EndProject
Project("{5010EA9D-5490-85C1-C218-24461AC47891}") = "ShooterMOBA", "Assembly-CSharp-Editor-vs.csproj", "{839B63A1-CD46-1502-FD7B-B1D438DECE4B}"
EndProject
Global
	GlobalSection(SolutionConfigurationPlatforms) = preSolution
		Debug|Any CPU = Debug|Any CPU
		Release|Any CPU = Release|Any CPU
	EndGlobalSection
	GlobalSection(ProjectConfigurationPlatforms) = postSolution
		{AE6E73FB-4469-CA1A-D099-E9CC5074FC31}.Debug|Any CPU.ActiveCfg = Debug|Any CPU
		{AE6E73FB-4469-CA1A-D099-E9CC5074FC31}.Debug|Any CPU.Build.0 = Debug|Any CPU
		{AE6E73FB-4469-CA1A-D099-E9CC5074FC31}.Release|Any CPU.ActiveCfg = Release|Any CPU
		{AE6E73FB-4469-CA1A-D099-E9CC5074FC31}.Release|Any CPU.Build.0 = Release|Any CPU
		{534082BC-DEE8-287D-33C4-96C8F4A0D8D0}.Debug|Any CPU.ActiveCfg = Debug|Any CPU
		{534082BC-DEE8-287D-33C4-96C8F4A0D8D0}.Debug|Any CPU.Build.0 = Debug|Any CPU
		{534082BC-DEE8-287D-33C4-96C8F4A0D8D0}.Release|Any CPU.ActiveCfg = Release|Any CPU
		{534082BC-DEE8-287D-33C4-96C8F4A0D8D0}.Release|Any CPU.Build.0 = Release|Any CPU
		{839B63A1-CD46-1502-FD7B-B1D438DECE4B}.Debug|Any CPU.ActiveCfg = Debug|Any CPU
		{839B63A1-CD46-1502-FD7B-B1D438DECE4B}.Debug|Any CPU.Build.0 = Debug|Any CPU
		{839B63A1-CD46-1502-FD7B-B1D438DECE4B}.Release|Any CPU.ActiveCfg = Release|Any CPU
		{839B63A1-CD46-1502-FD7B-B1D438DECE4B}.Release|Any CPU.Build.0 = Release|Any CPU
	EndGlobalSection
	GlobalSection(SolutionProperties) = preSolution
		HideSolutionNode = FALSE
	EndGlobalSection
																GlobalSection(MonoDevelopProperties) = preSolution
		StartupItem = Assembly-CSharp.csproj
		Policies = $0
		$0.TextStylePolicy = $1
		$1.inheritsSet = null
		$1.scope = text/x-csharp
		$0.CSharpFormattingPolicy = $2
		$2.inheritsSet = Mono
		$2.inheritsScope = text/x-csharp
		$2.scope = text/x-csharp
		$0.TextStylePolicy = $3
		$3.FileWidth = 120
		$3.TabWidth = 4
		$3.IndentWidth = 4
		$3.EolMarker = Unix
		$3.inheritsSet = Mono
		$3.inheritsScope = text/plain
		$3.scope = text/plain
	EndGlobalSection

EndGlobal
